
Microsoft Visual Studio Solution File, Format Version 12.00
# Visual Studio Version 16
VisualStudioVersion = 16.0.31112.23
MinimumVisualStudioVersion = 10.0.40219.1
Project("{FAE04EC0-301F-11D3-BF4B-00C04F79EFBC}") = "Lost-10K-Finder", "Lost-10K-Finder\Lost-10K-Finder.csproj", "{7C0B46C6-EB8D-4F21-9576-84AB405DA2C3}"
EndProject
Global
	GlobalSection(SolutionConfigurationPlatforms) = preSolution
		Debug|Any CPU = Debug|Any CPU
		Release|Any CPU = Release|Any CPU
	EndGlobalSection
	GlobalSection(ProjectConfigurationPlatforms) = postSolution
		{7C0B46C6-EB8D-4F21-9576-84AB405DA2C3}.Debug|Any CPU.ActiveCfg = Debug|Any CPU
		{7C0B46C6-EB8D-4F21-9576-84AB405DA2C3}.Debug|Any CPU.Build.0 = Debug|Any CPU
		{7C0B46C6-EB8D-4F21-9576-84AB405DA2C3}.Release|Any CPU.ActiveCfg = Release|Any CPU
		{7C0B46C6-EB8D-4F21-9576-84AB405DA2C3}.Release|Any CPU.Build.0 = Release|Any CPU
	EndGlobalSection
	GlobalSection(SolutionProperties) = preSolution
		HideSolutionNode = FALSE
	EndGlobalSection
	GlobalSection(ExtensibilityGlobals) = postSolution
		SolutionGuid = {386443EE-509F-4175-ABBC-D52E0594B7C0}
	EndGlobalSection
EndGlobal
